
Microsoft Visual Studio Solution File, Format Version 12.00
# Visual Studio 14
VisualStudioVersion = 14.0.25420.1
MinimumVisualStudioVersion = 10.0.40219.1
Project("{FAE04EC0-301F-11D3-BF4B-00C04F79EFBC}") = "geraldkeller.com", "geraldkeller.com\geraldkeller.com.csproj", "{04937E0A-DB2E-4EA4-811C-DCB2434BFFF7}"
EndProject
Project("{FAE04EC0-301F-11D3-BF4B-00C04F79EFBC}") = "geraldkeller.com.tests", "geraldkeller.com.tests\geraldkeller.com.tests.csproj", "{2B1FCF43-CFE5-4CAE-9B28-B57404A42B22}"
EndProject
Global
	GlobalSection(SolutionConfigurationPlatforms) = preSolution
		Debug|Any CPU = Debug|Any CPU
		Release|Any CPU = Release|Any CPU
	EndGlobalSection
	GlobalSection(ProjectConfigurationPlatforms) = postSolution
		{04937E0A-DB2E-4EA4-811C-DCB2434BFFF7}.Debug|Any CPU.ActiveCfg = Debug|Any CPU
		{04937E0A-DB2E-4EA4-811C-DCB2434BFFF7}.Debug|Any CPU.Build.0 = Debug|Any CPU
		{04937E0A-DB2E-4EA4-811C-DCB2434BFFF7}.Release|Any CPU.ActiveCfg = Release|Any CPU
		{04937E0A-DB2E-4EA4-811C-DCB2434BFFF7}.Release|Any CPU.Build.0 = Release|Any CPU
		{2B1FCF43-CFE5-4CAE-9B28-B57404A42B22}.Debug|Any CPU.ActiveCfg = Debug|Any CPU
		{2B1FCF43-CFE5-4CAE-9B28-B57404A42B22}.Debug|Any CPU.Build.0 = Debug|Any CPU
		{2B1FCF43-CFE5-4CAE-9B28-B57404A42B22}.Release|Any CPU.ActiveCfg = Release|Any CPU
		{2B1FCF43-CFE5-4CAE-9B28-B57404A42B22}.Release|Any CPU.Build.0 = Release|Any CPU
	EndGlobalSection
	GlobalSection(SolutionProperties) = preSolution
		HideSolutionNode = FALSE
	EndGlobalSection
EndGlobal
